// !$*UTF8*$!
{
	archiveVersion = 1;
	classes = {
	};
	objectVersion = 48;
	objects = {

/* Begin PBXBuildFile section */
		7867A67D21017B9A00D98FE6 /* AppDelegate.swift in Sources */ = {isa = PBXBuildFile; fileRef = 7867A67C21017B9A00D98FE6 /* AppDelegate.swift */; };
		7867A67F21017B9A00D98FE6 /* ViewController.swift in Sources */ = {isa = PBXBuildFile; fileRef = 7867A67E21017B9A00D98FE6 /* ViewController.swift */; };
		7867A68221017B9A00D98FE6 /* Main.storyboard in Resources */ = {isa = PBXBuildFile; fileRef = 7867A68021017B9A00D98FE6 /* Main.storyboard */; };
		7867A68421017B9A00D98FE6 /* Assets.xcassets in Resources */ = {isa = PBXBuildFile; fileRef = 7867A68321017B9A00D98FE6 /* Assets.xcassets */; };
		7867A68721017B9A00D98FE6 /* LaunchScreen.storyboard in Resources */ = {isa = PBXBuildFile; fileRef = 7867A68521017B9A00D98FE6 /* LaunchScreen.storyboard */; };
		7867A69221017B9A00D98FE6 /* UITableViewTestTests.swift in Sources */ = {isa = PBXBuildFile; fileRef = 7867A69121017B9A00D98FE6 /* UITableViewTestTests.swift */; };
		7867A69D21017B9A00D98FE6 /* UITableViewTestUITests.swift in Sources */ = {isa = PBXBuildFile; fileRef = 7867A69C21017B9A00D98FE6 /* UITableViewTestUITests.swift */; };
/* End PBXBuildFile section */

/* Begin PBXContainerItemProxy section */
		7867A68E21017B9A00D98FE6 /* PBXContainerItemProxy */ = {
			isa = PBXContainerItemProxy;
			containerPortal = 7867A67121017B9A00D98FE6 /* Project object */;
			proxyType = 1;
			remoteGlobalIDString = 7867A67821017B9A00D98FE6;
			remoteInfo = UITableViewTest;
		};
		7867A69921017B9A00D98FE6 /* PBXContainerItemProxy */ = {
			isa = PBXContainerItemProxy;
			containerPortal = 7867A67121017B9A00D98FE6 /* Project object */;
			proxyType = 1;
			remoteGlobalIDString = 7867A67821017B9A00D98FE6;
			remoteInfo = UITableViewTest;
		};
/* End PBXContainerItemProxy section */

/* Begin PBXFileReference section */
		7867A67921017B9A00D98FE6 /* UITableViewTest.app */ = {isa = PBXFileReference; explicitFileType = wrapper.application; includeInIndex = 0; path = UITableViewTest.app; sourceTree = BUILT_PRODUCTS_DIR; };
		7867A67C21017B9A00D98FE6 /* AppDelegate.swift */ = {isa = PBXFileReference; lastKnownFileType = sourcecode.swift; path = AppDelegate.swift; sourceTree = "<group>"; };
		7867A67E21017B9A00D98FE6 /* ViewController.swift */ = {isa = PBXFileReference; lastKnownFileType = sourcecode.swift; path = ViewController.swift; sourceTree = "<group>"; };
		7867A68121017B9A00D98FE6 /* Base */ = {isa = PBXFileReference; lastKnownFileType = file.storyboard; name = Base; path = Base.lproj/Main.storyboard; sourceTree = "<group>"; };
		7867A68321017B9A00D98FE6 /* Assets.xcassets */ = {isa = PBXFileReference; lastKnownFileType = folder.assetcatalog; path = Assets.xcassets; sourceTree = "<group>"; };
		7867A68621017B9A00D98FE6 /* Base */ = {isa = PBXFileReference; lastKnownFileType = file.storyboard; name = Base; path = Base.lproj/LaunchScreen.storyboard; sourceTree = "<group>"; };
		7867A68821017B9A00D98FE6 /* Info.plist */ = {isa = PBXFileReference; lastKnownFileType = text.plist.xml; path = Info.plist; sourceTree = "<group>"; };
		7867A68D21017B9A00D98FE6 /* UITableViewTestTests.xctest */ = {isa = PBXFileReference; explicitFileType = wrapper.cfbundle; includeInIndex = 0; path = UITableViewTestTests.xctest; sourceTree = BUILT_PRODUCTS_DIR; };
		7867A69121017B9A00D98FE6 /* UITableViewTestTests.swift */ = {isa = PBXFileReference; lastKnownFileType = sourcecode.swift; path = UITableViewTestTests.swift; sourceTree = "<group>"; };
		7867A69321017B9A00D98FE6 /* Info.plist */ = {isa = PBXFileReference; lastKnownFileType = text.plist.xml; path = Info.plist; sourceTree = "<group>"; };
		7867A69821017B9A00D98FE6 /* UITableViewTestUITests.xctest */ = {isa = PBXFileReference; explicitFileType = wrapper.cfbundle; includeInIndex = 0; path = UITableViewTestUITests.xctest; sourceTree = BUILT_PRODUCTS_DIR; };
		7867A69C21017B9A00D98FE6 /* UITableViewTestUITests.swift */ = {isa = PBXFileReference; lastKnownFileType = sourcecode.swift; path = UITableViewTestUITests.swift; sourceTree = "<group>"; };
		7867A69E21017B9A00D98FE6 /* Info.plist */ = {isa = PBXFileReference; lastKnownFileType = text.plist.xml; path = Info.plist; sourceTree = "<group>"; };
/* End PBXFileReference section */

/* Begin PBXFrameworksBuildPhase section */
		7867A67621017B9A00D98FE6 /* Frameworks */ = {
			isa = PBXFrameworksBuildPhase;
			buildActionMask = 2147483647;
			files = (
			);
			runOnlyForDeploymentPostprocessing = 0;
		};
		7867A68A21017B9A00D98FE6 /* Frameworks */ = {
			isa = PBXFrameworksBuildPhase;
			buildActionMask = 2147483647;
			files = (
			);
			runOnlyForDeploymentPostprocessing = 0;
		};
		7867A69521017B9A00D98FE6 /* Frameworks */ = {
			isa = PBXFrameworksBuildPhase;
			buildActionMask = 2147483647;
			files = (
			);
			runOnlyForDeploymentPostprocessing = 0;
		};
/* End PBXFrameworksBuildPhase section */

/* Begin PBXGroup section */
		7867A67021017B9A00D98FE6 = {
			isa = PBXGroup;
			children = (
				7867A67B21017B9A00D98FE6 /* UITableViewTest */,
				7867A69021017B9A00D98FE6 /* UITableViewTestTests */,
				7867A69B21017B9A00D98FE6 /* UITableViewTestUITests */,
				7867A67A21017B9A00D98FE6 /* Products */,
			);
			sourceTree = "<group>";
		};
		7867A67A21017B9A00D98FE6 /* Products */ = {
			isa = PBXGroup;
			children = (
				7867A67921017B9A00D98FE6 /* UITableViewTest.app */,
				7867A68D21017B9A00D98FE6 /* UITableViewTestTests.xctest */,
				7867A69821017B9A00D98FE6 /* UITableViewTestUITests.xctest */,
			);
			name = Products;
			sourceTree = "<group>";
		};
		7867A67B21017B9A00D98FE6 /* UITableViewTest */ = {
			isa = PBXGroup;
			children = (
				7867A67C21017B9A00D98FE6 /* AppDelegate.swift */,
				7867A67E21017B9A00D98FE6 /* ViewController.swift */,
				7867A68021017B9A00D98FE6 /* Main.storyboard */,
				7867A68321017B9A00D98FE6 /* Assets.xcassets */,
				7867A68521017B9A00D98FE6 /* LaunchScreen.storyboard */,
				7867A68821017B9A00D98FE6 /* Info.plist */,
			);
			path = UITableViewTest;
			sourceTree = "<group>";
		};
		7867A69021017B9A00D98FE6 /* UITableViewTestTests */ = {
			isa = PBXGroup;
			children = (
				7867A69121017B9A00D98FE6 /* UITableViewTestTests.swift */,
				7867A69321017B9A00D98FE6 /* Info.plist */,
			);
			path = UITableViewTestTests;
			sourceTree = "<group>";
		};
		7867A69B21017B9A00D98FE6 /* UITableViewTestUITests */ = {
			isa = PBXGroup;
			children = (
				7867A69C21017B9A00D98FE6 /* UITableViewTestUITests.swift */,
				7867A69E21017B9A00D98FE6 /* Info.plist */,
			);
			path = UITableViewTestUITests;
			sourceTree = "<group>";
		};
/* End PBXGroup section */

/* Begin PBXNativeTarget section */
		7867A67821017B9A00D98FE6 /* UITableViewTest */ = {
			isa = PBXNativeTarget;
			buildConfigurationList = 7867A6A121017B9A00D98FE6 /* Build configuration list for PBXNativeTarget "UITableViewTest" */;
			buildPhases = (
				7867A67521017B9A00D98FE6 /* Sources */,
				7867A67621017B9A00D98FE6 /* Frameworks */,
				7867A67721017B9A00D98FE6 /* Resources */,
			);
			buildRules = (
			);
			dependencies = (
			);
			name = UITableViewTest;
			productName = UITableViewTest;
			productReference = 7867A67921017B9A00D98FE6 /* UITableViewTest.app */;
			productType = "com.apple.product-type.application";
		};
		7867A68C21017B9A00D98FE6 /* UITableViewTestTests */ = {
			isa = PBXNativeTarget;
			buildConfigurationList = 7867A6A421017B9A00D98FE6 /* Build configuration list for PBXNativeTarget "UITableViewTestTests" */;
			buildPhases = (
				7867A68921017B9A00D98FE6 /* Sources */,
				7867A68A21017B9A00D98FE6 /* Frameworks */,
				7867A68B21017B9A00D98FE6 /* Resources */,
			);
			buildRules = (
			);
			dependencies = (
				7867A68F21017B9A00D98FE6 /* PBXTargetDependency */,
			);
			name = UITableViewTestTests;
			productName = UITableViewTestTests;
			productReference = 7867A68D21017B9A00D98FE6 /* UITableViewTestTests.xctest */;
			productType = "com.apple.product-type.bundle.unit-test";
		};
		7867A69721017B9A00D98FE6 /* UITableViewTestUITests */ = {
			isa = PBXNativeTarget;
			buildConfigurationList = 7867A6A721017B9A00D98FE6 /* Build configuration list for PBXNativeTarget "UITableViewTestUITests" */;
			buildPhases = (
				7867A69421017B9A00D98FE6 /* Sources */,
				7867A69521017B9A00D98FE6 /* Frameworks */,
				7867A69621017B9A00D98FE6 /* Resources */,
			);
			buildRules = (
			);
			dependencies = (
				7867A69A21017B9A00D98FE6 /* PBXTargetDependency */,
			);
			name = UITableViewTestUITests;
			productName = UITableViewTestUITests;
			productReference = 7867A69821017B9A00D98FE6 /* UITableViewTestUITests.xctest */;
			productType = "com.apple.product-type.bundle.ui-testing";
		};
/* End PBXNativeTarget section */

/* Begin PBXProject section */
		7867A67121017B9A00D98FE6 /* Project object */ = {
			isa = PBXProject;
			attributes = {
				LastSwiftUpdateCheck = 0920;
				LastUpgradeCheck = 0920;
				ORGANIZATIONNAME = "TWT Studio";
				TargetAttributes = {
					7867A67821017B9A00D98FE6 = {
						CreatedOnToolsVersion = 9.2;
						ProvisioningStyle = Automatic;
					};
					7867A68C21017B9A00D98FE6 = {
						CreatedOnToolsVersion = 9.2;
						ProvisioningStyle = Automatic;
						TestTargetID = 7867A67821017B9A00D98FE6;
					};
					7867A69721017B9A00D98FE6 = {
						CreatedOnToolsVersion = 9.2;
						ProvisioningStyle = Automatic;
						TestTargetID = 7867A67821017B9A00D98FE6;
					};
				};
			};
			buildConfigurationList = 7867A67421017B9A00D98FE6 /* Build configuration list for PBXProject "UITableViewTest" */;
			compatibilityVersion = "Xcode 8.0";
			developmentRegion = en;
			hasScannedForEncodings = 0;
			knownRegions = (
				en,
				Base,
			);
			mainGroup = 7867A67021017B9A00D98FE6;
			productRefGroup = 7867A67A21017B9A00D98FE6 /* Products */;
			projectDirPath = "";
			projectRoot = "";
			targets = (
				7867A67821017B9A00D98FE6 /* UITableViewTest */,
				7867A68C21017B9A00D98FE6 /* UITableViewTestTests */,
				7867A69721017B9A00D98FE6 /* UITableViewTestUITests */,
			);
		};
/* End PBXProject section */

/* Begin PBXResourcesBuildPhase section */
		7867A67721017B9A00D98FE6 /* Resources */ = {
			isa = PBXResourcesBuildPhase;
			buildActionMask = 2147483647;
			files = (
				7867A68721017B9A00D98FE6 /* LaunchScreen.storyboard in Resources */,
				7867A68421017B9A00D98FE6 /* Assets.xcassets in Resources */,
				7867A68221017B9A00D98FE6 /* Main.storyboard in Resources */,
			);
			runOnlyForDeploymentPostprocessing = 0;
		};
		7867A68B21017B9A00D98FE6 /* Resources */ = {
			isa = PBXResourcesBuildPhase;
			buildActionMask = 2147483647;
			files = (
			);
			runOnlyForDeploymentPostprocessing = 0;
		};
		7867A69621017B9A00D98FE6 /* Resources */ = {
			isa = PBXResourcesBuildPhase;
			buildActionMask = 2147483647;
			files = (
			);
			runOnlyForDeploymentPostprocessing = 0;
		};
/* End PBXResourcesBuildPhase section */

/* Begin PBXSourcesBuildPhase section */
		7867A67521017B9A00D98FE6 /* Sources */ = {
			isa = PBXSourcesBuildPhase;
			buildActionMask = 2147483647;
			files = (
				7867A67F21017B9A00D98FE6 /* ViewController.swift in Sources */,
				7867A67D21017B9A00D98FE6 /* AppDelegate.swift in Sources */,
			);
			runOnlyForDeploymentPostprocessing = 0;
		};
		7867A68921017B9A00D98FE6 /* Sources */ = {
			isa = PBXSourcesBuildPhase;
			buildActionMask = 2147483647;
			files = (
				7867A69221017B9A00D98FE6 /* UITableViewTestTests.swift in Sources */,
			);
			runOnlyForDeploymentPostprocessing = 0;
		};
		7867A69421017B9A00D98FE6 /* Sources */ = {
			isa = PBXSourcesBuildPhase;
			buildActionMask = 2147483647;
			files = (
				7867A69D21017B9A00D98FE6 /* UITableViewTestUITests.swift in Sources */,
			);
			runOnlyForDeploymentPostprocessing = 0;
		};
/* End PBXSourcesBuildPhase section */

/* Begin PBXTargetDependency section */
		7867A68F21017B9A00D98FE6 /* PBXTargetDependency */ = {
			isa = PBXTargetDependency;
			target = 7867A67821017B9A00D98FE6 /* UITableViewTest */;
			targetProxy = 7867A68E21017B9A00D98FE6 /* PBXContainerItemProxy */;
		};
		7867A69A21017B9A00D98FE6 /* PBXTargetDependency */ = {
			isa = PBXTargetDependency;
			target = 7867A67821017B9A00D98FE6 /* UITableViewTest */;
			targetProxy = 7867A69921017B9A00D98FE6 /* PBXContainerItemProxy */;
		};
/* End PBXTargetDependency section */

/* Begin PBXVariantGroup section */
		7867A68021017B9A00D98FE6 /* Main.storyboard */ = {
			isa = PBXVariantGroup;
			children = (
				7867A68121017B9A00D98FE6 /* Base */,
			);
			name = Main.storyboard;
			sourceTree = "<group>";
		};
		7867A68521017B9A00D98FE6 /* LaunchScreen.storyboard */ = {
			isa = PBXVariantGroup;
			children = (
				7867A68621017B9A00D98FE6 /* Base */,
			);
			name = LaunchScreen.storyboard;
			sourceTree = "<group>";
		};
/* End PBXVariantGroup section */

/* Begin XCBuildConfiguration section */
		7867A69F21017B9A00D98FE6 /* Debug */ = {
			isa = XCBuildConfiguration;
			buildSettings = {
				ALWAYS_SEARCH_USER_PATHS = NO;
				CLANG_ANALYZER_NONNULL = YES;
				CLANG_ANALYZER_NUMBER_OBJECT_CONVERSION = YES_AGGRESSIVE;
				CLANG_CXX_LANGUAGE_STANDARD = "gnu++14";
				CLANG_CXX_LIBRARY = "libc++";
				CLANG_ENABLE_MODULES = YES;
				CLANG_ENABLE_OBJC_ARC = YES;
				CLANG_WARN_BLOCK_CAPTURE_AUTORELEASING = YES;
				CLANG_WARN_BOOL_CONVERSION = YES;
				CLANG_WARN_COMMA = YES;
				CLANG_WARN_CONSTANT_CONVERSION = YES;
				CLANG_WARN_DIRECT_OBJC_ISA_USAGE = YES_ERROR;
				CLANG_WARN_DOCUMENTATION_COMMENTS = YES;
				CLANG_WARN_EMPTY_BODY = YES;
				CLANG_WARN_ENUM_CONVERSION = YES;
				CLANG_WARN_INFINITE_RECURSION = YES;
				CLANG_WARN_INT_CONVERSION = YES;
				CLANG_WARN_NON_LITERAL_NULL_CONVERSION = YES;
				CLANG_WARN_OBJC_LITERAL_CONVERSION = YES;
				CLANG_WARN_OBJC_ROOT_CLASS = YES_ERROR;
				CLANG_WARN_RANGE_LOOP_ANALYSIS = YES;
				CLANG_WARN_STRICT_PROTOTYPES = YES;
				CLANG_WARN_SUSPICIOUS_MOVE = YES;
				CLANG_WARN_UNGUARDED_AVAILABILITY = YES_AGGRESSIVE;
				CLANG_WARN_UNREACHABLE_CODE = YES;
				CLANG_WARN__DUPLICATE_METHOD_MATCH = YES;
				CODE_SIGN_IDENTITY = "iPhone Developer";
				COPY_PHASE_STRIP = NO;
				DEBUG_INFORMATION_FORMAT = dwarf;
				ENABLE_STRICT_OBJC_MSGSEND = YES;
				ENABLE_TESTABILITY = YES;
				GCC_C_LANGUAGE_STANDARD = gnu11;
				GCC_DYNAMIC_NO_PIC = NO;
				GCC_NO_COMMON_BLOCKS = YES;
				GCC_OPTIMIZATION_LEVEL = 0;
				GCC_PREPROCESSOR_DEFINITIONS = (
					"DEBUG=1",
					"$(inherited)",
				);
				GCC_WARN_64_TO_32_BIT_CONVERSION = YES;
				GCC_WARN_ABOUT_RETURN_TYPE = YES_ERROR;
				GCC_WARN_UNDECLARED_SELECTOR = YES;
				GCC_WARN_UNINITIALIZED_AUTOS = YES_AGGRESSIVE;
				GCC_WARN_UNUSED_FUNCTION = YES;
				GCC_WARN_UNUSED_VARIABLE = YES;
				IPHONEOS_DEPLOYMENT_TARGET = 11.2;
				MTL_ENABLE_DEBUG_INFO = YES;
				ONLY_ACTIVE_ARCH = YES;
				SDKROOT = iphoneos;
				SWIFT_ACTIVE_COMPILATION_CONDITIONS = DEBUG;
				SWIFT_OPTIMIZATION_LEVEL = "-Onone";
			};
			name = Debug;
		};
		7867A6A021017B9A00D98FE6 /* Release */ = {
			isa = XCBuildConfiguration;
			buildSettings = {
				ALWAYS_SEARCH_USER_PATHS = NO;
				CLANG_ANALYZER_NONNULL = YES;
				CLANG_ANALYZER_NUMBER_OBJECT_CONVERSION = YES_AGGRESSIVE;
				CLANG_CXX_LANGUAGE_STANDARD = "gnu++14";
				CLANG_CXX_LIBRARY = "libc++";
				CLANG_ENABLE_MODULES = YES;
				CLANG_ENABLE_OBJC_ARC = YES;
				CLANG_WARN_BLOCK_CAPTURE_AUTORELEASING = YES;
				CLANG_WARN_BOOL_CONVERSION = YES;
				CLANG_WARN_COMMA = YES;
				CLANG_WARN_CONSTANT_CONVERSION = YES;
				CLANG_WARN_DIRECT_OBJC_ISA_USAGE = YES_ERROR;
				CLANG_WARN_DOCUMENTATION_COMMENTS = YES;
				CLANG_WARN_EMPTY_BODY = YES;
				CLANG_WARN_ENUM_CONVERSION = YES;
				CLANG_WARN_INFINITE_RECURSION = YES;
				CLANG_WARN_INT_CONVERSION = YES;
				CLANG_WARN_NON_LITERAL_NULL_CONVERSION = YES;
				CLANG_WARN_OBJC_LITERAL_CONVERSION = YES;
				CLANG_WARN_OBJC_ROOT_CLASS = YES_ERROR;
				CLANG_WARN_RANGE_LOOP_ANALYSIS = YES;
				CLANG_WARN_STRICT_PROTOTYPES = YES;
				CLANG_WARN_SUSPICIOUS_MOVE = YES;
				CLANG_WARN_UNGUARDED_AVAILABILITY = YES_AGGRESSIVE;
				CLANG_WARN_UNREACHABLE_CODE = YES;
				CLANG_WARN__DUPLICATE_METHOD_MATCH = YES;
				CODE_SIGN_IDENTITY = "iPhone Developer";
				COPY_PHASE_STRIP = NO;
				DEBUG_INFORMATION_FORMAT = "dwarf-with-dsym";
				ENABLE_NS_ASSERTIONS = NO;
				ENABLE_STRICT_OBJC_MSGSEND = YES;
				GCC_C_LANGUAGE_STANDARD = gnu11;
				GCC_NO_COMMON_BLOCKS = YES;
				GCC_WARN_64_TO_32_BIT_CONVERSION = YES;
				GCC_WARN_ABOUT_RETURN_TYPE = YES_ERROR;
				GCC_WARN_UNDECLARED_SELECTOR = YES;
				GCC_WARN_UNINITIALIZED_AUTOS = YES_AGGRESSIVE;
				GCC_WARN_UNUSED_FUNCTION = YES;
				GCC_WARN_UNUSED_VARIABLE = YES;
				IPHONEOS_DEPLOYMENT_TARGET = 11.2;
				MTL_ENABLE_DEBUG_INFO = NO;
				SDKROOT = iphoneos;
				SWIFT_OPTIMIZATION_LEVEL = "-Owholemodule";
				VALIDATE_PRODUCT = YES;
			};
			name = Release;
		};
		7867A6A221017B9A00D98FE6 /* Debug */ = {
			isa = XCBuildConfiguration;
			buildSettings = {
				ASSETCATALOG_COMPILER_APPICON_NAME = AppIcon;
				CODE_SIGN_STYLE = Automatic;
				INFOPLIST_FILE = UITableViewTest/Info.plist;
				LD_RUNPATH_SEARCH_PATHS = "$(inherited) @executable_path/Frameworks";
				PRODUCT_BUNDLE_IDENTIFIER = com.twtstudio.UITableViewTest;
				PRODUCT_NAME = "$(TARGET_NAME)";
				SWIFT_VERSION = 4.0;
				TARGETED_DEVICE_FAMILY = "1,2";
			};
			name = Debug;
		};
		7867A6A321017B9A00D98FE6 /* Release */ = {
			isa = XCBuildConfiguration;
			buildSettings = {
				ASSETCATALOG_COMPILER_APPICON_NAME = AppIcon;
				CODE_SIGN_STYLE = Automatic;
				INFOPLIST_FILE = UITableViewTest/Info.plist;
				LD_RUNPATH_SEARCH_PATHS = "$(inherited) @executable_path/Frameworks";
				PRODUCT_BUNDLE_IDENTIFIER = com.twtstudio.UITableViewTest;
				PRODUCT_NAME = "$(TARGET_NAME)";
				SWIFT_VERSION = 4.0;
				TARGETED_DEVICE_FAMILY = "1,2";
			};
			name = Release;
		};
		7867A6A521017B9A00D98FE6 /* Debug */ = {
			isa = XCBuildConfiguration;
			buildSettings = {
				ALWAYS_EMBED_SWIFT_STANDARD_LIBRARIES = YES;
				BUNDLE_LOADER = "$(TEST_HOST)";
				CODE_SIGN_STYLE = Automatic;
				INFOPLIST_FILE = UITableViewTestTests/Info.plist;
				LD_RUNPATH_SEARCH_PATHS = "$(inherited) @executable_path/Frameworks @loader_path/Frameworks";
				PRODUCT_BUNDLE_IDENTIFIER = com.twtstudio.UITableViewTestTests;
				PRODUCT_NAME = "$(TARGET_NAME)";
				SWIFT_VERSION = 4.0;
				TARGETED_DEVICE_FAMILY = "1,2";
				TEST_HOST = "$(BUILT_PRODUCTS_DIR)/UITableViewTest.app/UITableViewTest";
			};
			name = Debug;
		};
		7867A6A621017B9A00D98FE6 /* Release */ = {
			isa = XCBuildConfiguration;
			buildSettings = {
				ALWAYS_EMBED_SWIFT_STANDARD_LIBRARIES = YES;
				BUNDLE_LOADER = "$(TEST_HOST)";
				CODE_SIGN_STYLE = Automatic;
				INFOPLIST_FILE = UITableViewTestTests/Info.plist;
				LD_RUNPATH_SEARCH_PATHS = "$(inherited) @executable_path/Frameworks @loader_path/Frameworks";
				PRODUCT_BUNDLE_IDENTIFIER = com.twtstudio.UITableViewTestTests;
				PRODUCT_NAME = "$(TARGET_NAME)";
				SWIFT_VERSION = 4.0;
				TARGETED_DEVICE_FAMILY = "1,2";
				TEST_HOST = "$(BUILT_PRODUCTS_DIR)/UITableViewTest.app/UITableViewTest";
			};
			name = Release;
		};
		7867A6A821017B9A00D98FE6 /* Debug */ = {
			isa = XCBuildConfiguration;
			buildSettings = {
				ALWAYS_EMBED_SWIFT_STANDARD_LIBRARIES = YES;
				CODE_SIGN_STYLE = Automatic;
				INFOPLIST_FILE = UITableViewTestUITests/Info.plist;
				LD_RUNPATH_SEARCH_PATHS = "$(inherited) @executable_path/Frameworks @loader_path/Frameworks";
				PRODUCT_BUNDLE_IDENTIFIER = com.twtstudio.UITableViewTestUITests;
				PRODUCT_NAME = "$(TARGET_NAME)";
				SWIFT_VERSION = 4.0;
				TARGETED_DEVICE_FAMILY = "1,2";
				TEST_TARGET_NAME = UITableViewTest;
			};
			name = Debug;
		};
		7867A6A921017B9A00D98FE6 /* Release */ = {
			isa = XCBuildConfiguration;
			buildSettings = {
				ALWAYS_EMBED_SWIFT_STANDARD_LIBRARIES = YES;
				CODE_SIGN_STYLE = Automatic;
				INFOPLIST_FILE = UITableViewTestUITests/Info.plist;
				LD_RUNPATH_SEARCH_PATHS = "$(inherited) @executable_path/Frameworks @loader_path/Frameworks";
				PRODUCT_BUNDLE_IDENTIFIER = com.twtstudio.UITableViewTestUITests;
				PRODUCT_NAME = "$(TARGET_NAME)";
				SWIFT_VERSION = 4.0;
				TARGETED_DEVICE_FAMILY = "1,2";
				TEST_TARGET_NAME = UITableViewTest;
			};
			name = Release;
		};
/* End XCBuildConfiguration section */

/* Begin XCConfigurationList section */
		7867A67421017B9A00D98FE6 /* Build configuration list for PBXProject "UITableViewTest" */ = {
			isa = XCConfigurationList;
			buildConfigurations = (
				7867A69F21017B9A00D98FE6 /* Debug */,
				7867A6A021017B9A00D98FE6 /* Release */,
			);
			defaultConfigurationIsVisible = 0;
			defaultConfigurationName = Release;
		};
		7867A6A121017B9A00D98FE6 /* Build configuration list for PBXNativeTarget "UITableViewTest" */ = {
			isa = XCConfigurationList;
			buildConfigurations = (
				7867A6A221017B9A00D98FE6 /* Debug */,
				7867A6A321017B9A00D98FE6 /* Release */,
			);
			defaultConfigurationIsVisible = 0;
			defaultConfigurationName = Release;
		};
		7867A6A421017B9A00D98FE6 /* Build configuration list for PBXNativeTarget "UITableViewTestTests" */ = {
			isa = XCConfigurationList;
			buildConfigurations = (
				7867A6A521017B9A00D98FE6 /* Debug */,
				7867A6A621017B9A00D98FE6 /* Release */,
			);
			defaultConfigurationIsVisible = 0;
			defaultConfigurationName = Release;
		};
		7867A6A721017B9A00D98FE6 /* Build configuration list for PBXNativeTarget "UITableViewTestUITests" */ = {
			isa = XCConfigurationList;
			buildConfigurations = (
				7867A6A821017B9A00D98FE6 /* Debug */,
				7867A6A921017B9A00D98FE6 /* Release */,
			);
			defaultConfigurationIsVisible = 0;
			defaultConfigurationName = Release;
		};
/* End XCConfigurationList section */
	};
	rootObject = 7867A67121017B9A00D98FE6 /* Project object */;
}
